{
    "_readme": [
        "This file locks the dependencies of your project to a known state",
        "Read more about it at https://getcomposer.org/doc/01-basic-usage.md#installing-dependencies",
        "This file is @generated automatically"
    ],
    "content-hash": "0a7e3df6465faaac146fa29aa4333bbf",
    "packages": [
        {
            "name": "soundasleep/html2text",
            "version": "2.0.0",
            "source": {
                "type": "git",
                "url": "https://github.com/soundasleep/html2text.git",
                "reference": "aa214620d7beecd5cef8b1c32102a9204edb82f5"
            },
            "dist": {
                "type": "zip",
                "url": "https://api.github.com/repos/soundasleep/html2text/zipball/aa214620d7beecd5cef8b1c32102a9204edb82f5",
                "reference": "aa214620d7beecd5cef8b1c32102a9204edb82f5",
                "shasum": ""
            },
            "require": {
                "ext-dom": "*",
                "ext-libxml": "*",
                "php": "^7.0|^8.0"
            },
            "require-dev": {
                "phpunit/phpunit": "^7.0|^8.0|^9.0",
                "soundasleep/component-tests": "^0.2"
            },
            "type": "library",
            "autoload": {
                "psr-4": {
                    "Soundasleep\\": "src"
                }
            },
            "notification-url": "https://packagist.org/downloads/",
            "license": [
                "MIT"
            ],
            "authors": [
                {
                    "name": "Jevon Wright",
                    "homepage": "https://jevon.org",
                    "role": "Developer"
                }
            ],
            "description": "A PHP script to convert HTML into a plain text format",
            "homepage": "https://github.com/soundasleep/html2text",
            "keywords": [
                "email",
                "html",
                "php",
                "text"
            ],
            "support": {
                "email": "support@jevon.org",
                "issues": "https://github.com/soundasleep/html2text/issues",
                "source": "https://github.com/soundasleep/html2text/tree/2.0.0"
            },
            "time": "2022-01-29T19:05:09+00:00"
        }
    ],
    "packages-dev": [
        {
            "name": "theseer/tokenizer",
            "version": "1.2.1",
            "source": {
                "type": "git",
                "url": "https://github.com/theseer/tokenizer.git",
                "reference": "34a41e998c2183e22995f158c581e7b5e755ab9e"
            },
            "dist": {
                "type": "zip",
                "url": "https://api.github.com/repos/theseer/tokenizer/zipball/34a41e998c2183e22995f158c581e7b5e755ab9e",
                "reference": "34a41e998c2183e22995f158c581e7b5e755ab9e",
                "shasum": ""
            },
            "require": {
                "ext-dom": "*",
                "ext-tokenizer": "*",
                "ext-xmlwriter": "*",
                "php": "^7.2 || ^8.0"
            },
            "type": "library",
            "autoload": {
                "classmap": [
                    "src/"
                ]
            },
            "notification-url": "https://packagist.org/downloads/",
            "license": [
                "BSD-3-Clause"
            ],
            "authors": [
                {
                    "name": "Arne Blankerts",
                    "email": "arne@blankerts.de",
                    "role": "Developer"
                }
            ],
            "description": "A small library for converting tokenized PHP source code into XML and potentially other formats",
            "support": {
                "issues": "https://github.com/theseer/tokenizer/issues",
                "source": "https://github.com/theseer/tokenizer/tree/1.2.1"
            },
            "funding": [
                {
                    "url": "https://github.com/theseer",
                    "type": "github"
                }
            ],
            "time": "2021-07-28T10:34:58+00:00"
        }
    ],
    "aliases": [],
    "minimum-stability": "stable",
    "stability-flags": [],
    "prefer-stable": false,
    "prefer-lowest": false,
    "platform": [],
    "platform-dev": [],
    "plugin-api-version": "2.2.0"
}
